
Microsoft Visual Studio Solution File, Format Version 12.00
# Visual Studio Version 17
VisualStudioVersion = 17.8.34330.188
MinimumVisualStudioVersion = 10.0.40219.1
Project("{9A19103F-16F7-4668-BE54-9A1E7A4F7556}") = "ReflectionTask", "ReflectionTask\ReflectionTask.csproj", "{A2C863A6-7D90-42D2-966F-6EA143BF314A}"
EndProject
Global
	GlobalSection(SolutionConfigurationPlatforms) = preSolution
		Debug|Any CPU = Debug|Any CPU
		Release|Any CPU = Release|Any CPU
	EndGlobalSection
	GlobalSection(ProjectConfigurationPlatforms) = postSolution
		{A2C863A6-7D90-42D2-966F-6EA143BF314A}.Debug|Any CPU.ActiveCfg = Debug|Any CPU
		{A2C863A6-7D90-42D2-966F-6EA143BF314A}.Debug|Any CPU.Build.0 = Debug|Any CPU
		{A2C863A6-7D90-42D2-966F-6EA143BF314A}.Release|Any CPU.ActiveCfg = Release|Any CPU
		{A2C863A6-7D90-42D2-966F-6EA143BF314A}.Release|Any CPU.Build.0 = Release|Any CPU
	EndGlobalSection
	GlobalSection(SolutionProperties) = preSolution
		HideSolutionNode = FALSE
	EndGlobalSection
	GlobalSection(ExtensibilityGlobals) = postSolution
		SolutionGuid = {E6862D51-384D-4D3E-887F-8D9285BA4891}
	EndGlobalSection
EndGlobal
